
Microsoft Visual Studio Solution File, Format Version 12.00
# Visual Studio 15
VisualStudioVersion = 15.0.28307.329
MinimumVisualStudioVersion = 10.0.40219.1
Project("{FAE04EC0-301F-11D3-BF4B-00C04F79EFBC}") = "KP", "KP\KP.csproj", "{30160F08-BCF9-4408-B564-8FC99C998774}"
EndProject
Project("{FAE04EC0-301F-11D3-BF4B-00C04F79EFBC}") = "MVVM1", "MVVM1\MVVM1.csproj", "{C0CBBA97-D20E-43F5-814B-65CEB92055CF}"
EndProject
Project("{FAE04EC0-301F-11D3-BF4B-00C04F79EFBC}") = "SQLiteApp", "SQLiteApp\SQLiteApp.csproj", "{DC15DE6D-2A84-4BB5-9E64-ADFFC5278A83}"
EndProject
Project("{FAE04EC0-301F-11D3-BF4B-00C04F79EFBC}") = "WpfApp1", "WpfApp1\WpfApp1.csproj", "{A6C0B062-568A-4678-AB34-1B68A218E0A2}"
EndProject
Global
	GlobalSection(SolutionConfigurationPlatforms) = preSolution
		Debug|Any CPU = Debug|Any CPU
		Release|Any CPU = Release|Any CPU
	EndGlobalSection
	GlobalSection(ProjectConfigurationPlatforms) = postSolution
		{30160F08-BCF9-4408-B564-8FC99C998774}.Debug|Any CPU.ActiveCfg = Debug|Any CPU
		{30160F08-BCF9-4408-B564-8FC99C998774}.Debug|Any CPU.Build.0 = Debug|Any CPU
		{30160F08-BCF9-4408-B564-8FC99C998774}.Release|Any CPU.ActiveCfg = Release|Any CPU
		{30160F08-BCF9-4408-B564-8FC99C998774}.Release|Any CPU.Build.0 = Release|Any CPU
		{C0CBBA97-D20E-43F5-814B-65CEB92055CF}.Debug|Any CPU.ActiveCfg = Debug|Any CPU
		{C0CBBA97-D20E-43F5-814B-65CEB92055CF}.Debug|Any CPU.Build.0 = Debug|Any CPU
		{C0CBBA97-D20E-43F5-814B-65CEB92055CF}.Release|Any CPU.ActiveCfg = Release|Any CPU
		{C0CBBA97-D20E-43F5-814B-65CEB92055CF}.Release|Any CPU.Build.0 = Release|Any CPU
		{DC15DE6D-2A84-4BB5-9E64-ADFFC5278A83}.Debug|Any CPU.ActiveCfg = Debug|Any CPU
		{DC15DE6D-2A84-4BB5-9E64-ADFFC5278A83}.Debug|Any CPU.Build.0 = Debug|Any CPU
		{DC15DE6D-2A84-4BB5-9E64-ADFFC5278A83}.Release|Any CPU.ActiveCfg = Release|Any CPU
		{DC15DE6D-2A84-4BB5-9E64-ADFFC5278A83}.Release|Any CPU.Build.0 = Release|Any CPU
		{A6C0B062-568A-4678-AB34-1B68A218E0A2}.Debug|Any CPU.ActiveCfg = Debug|Any CPU
		{A6C0B062-568A-4678-AB34-1B68A218E0A2}.Debug|Any CPU.Build.0 = Debug|Any CPU
		{A6C0B062-568A-4678-AB34-1B68A218E0A2}.Release|Any CPU.ActiveCfg = Release|Any CPU
		{A6C0B062-568A-4678-AB34-1B68A218E0A2}.Release|Any CPU.Build.0 = Release|Any CPU
	EndGlobalSection
	GlobalSection(SolutionProperties) = preSolution
		HideSolutionNode = FALSE
	EndGlobalSection
	GlobalSection(ExtensibilityGlobals) = postSolution
		SolutionGuid = {2D6874B6-811B-4CCC-BF19-EE93293147DB}
	EndGlobalSection
EndGlobal
